
Microsoft Visual Studio Solution File, Format Version 12.00
# Visual Studio Version 17
VisualStudioVersion = 17.10.35013.160
MinimumVisualStudioVersion = 10.0.40219.1
Project("{FAE04EC0-301F-11D3-BF4B-00C04F79EFBC}") = "DevTimeTracker", "DevTimeTracker\DevTimeTracker.csproj", "{D23AB799-0788-4185-976A-1FEA89EC60A4}"
EndProject
Project("{FAE04EC0-301F-11D3-BF4B-00C04F79EFBC}") = "DevTimeTracker.cli", "DevTimeTracker.cli\DevTimeTracker.cli.csproj", "{67CD846E-3091-4ABA-96DE-B69CC249ABE2}"
EndProject
Project("{2150E333-8FDC-42A3-9474-1A3956D46DE8}") = "Solution Items", "Solution Items", "{37482495-141E-4FDF-BEF3-C66EDAFADF07}"
	ProjectSection(SolutionItems) = preProject
		DevTimeTracker_LearningLog.md = DevTimeTracker_LearningLog.md
	EndProjectSection
EndProject
Global
	GlobalSection(SolutionConfigurationPlatforms) = preSolution
		Debug|Any CPU = Debug|Any CPU
		Release|Any CPU = Release|Any CPU
	EndGlobalSection
	GlobalSection(ProjectConfigurationPlatforms) = postSolution
		{D23AB799-0788-4185-976A-1FEA89EC60A4}.Debug|Any CPU.ActiveCfg = Debug|Any CPU
		{D23AB799-0788-4185-976A-1FEA89EC60A4}.Debug|Any CPU.Build.0 = Debug|Any CPU
		{D23AB799-0788-4185-976A-1FEA89EC60A4}.Release|Any CPU.ActiveCfg = Release|Any CPU
		{D23AB799-0788-4185-976A-1FEA89EC60A4}.Release|Any CPU.Build.0 = Release|Any CPU
		{67CD846E-3091-4ABA-96DE-B69CC249ABE2}.Debug|Any CPU.ActiveCfg = Debug|Any CPU
		{67CD846E-3091-4ABA-96DE-B69CC249ABE2}.Debug|Any CPU.Build.0 = Debug|Any CPU
		{67CD846E-3091-4ABA-96DE-B69CC249ABE2}.Release|Any CPU.ActiveCfg = Release|Any CPU
		{67CD846E-3091-4ABA-96DE-B69CC249ABE2}.Release|Any CPU.Build.0 = Release|Any CPU
	EndGlobalSection
	GlobalSection(SolutionProperties) = preSolution
		HideSolutionNode = FALSE
	EndGlobalSection
	GlobalSection(ExtensibilityGlobals) = postSolution
		SolutionGuid = {03F62029-9E7B-409A-BDD0-244F6A1F2AC2}
	EndGlobalSection
EndGlobal
